
Microsoft Visual Studio Solution File, Format Version 12.00
# Visual Studio Version 17
VisualStudioVersion = 17.2.32616.157
MinimumVisualStudioVersion = 10.0.40219.1
Project("{FAE04EC0-301F-11D3-BF4B-00C04F79EFBC}") = "Queue", "Queue\Queue.csproj", "{F934BFDD-7370-4135-8569-AAB880E5199E}"
EndProject
Global
	GlobalSection(SolutionConfigurationPlatforms) = preSolution
		Debug|Any CPU = Debug|Any CPU
		Release|Any CPU = Release|Any CPU
	EndGlobalSection
	GlobalSection(ProjectConfigurationPlatforms) = postSolution
		{F934BFDD-7370-4135-8569-AAB880E5199E}.Debug|Any CPU.ActiveCfg = Debug|Any CPU
		{F934BFDD-7370-4135-8569-AAB880E5199E}.Debug|Any CPU.Build.0 = Debug|Any CPU
		{F934BFDD-7370-4135-8569-AAB880E5199E}.Release|Any CPU.ActiveCfg = Release|Any CPU
		{F934BFDD-7370-4135-8569-AAB880E5199E}.Release|Any CPU.Build.0 = Release|Any CPU
	EndGlobalSection
	GlobalSection(SolutionProperties) = preSolution
		HideSolutionNode = FALSE
	EndGlobalSection
	GlobalSection(ExtensibilityGlobals) = postSolution
		SolutionGuid = {474FECC7-7790-4E40-91E2-9116074E7C9D}
	EndGlobalSection
EndGlobal
